
Microsoft Visual Studio Solution File, Format Version 12.00
# Visual Studio Version 17
VisualStudioVersion = 17.5.33103.201
MinimumVisualStudioVersion = 10.0.40219.1
Project("{400970D0-592F-47DA-BBFB-BD8263EE6365}") = "GymRoutineGenerator.UI", "GymRoutineGenerator.UI.csproj", "{DFF5ABEE-7197-49F6-AB67-2F575FD4A790}"
EndProject
Global
	GlobalSection(SolutionConfigurationPlatforms) = preSolution
		Debug|ARM64 = Debug|ARM64
		Debug|x64 = Debug|x64
		Debug|x86 = Debug|x86
		Release|ARM64 = Release|ARM64
		Release|x64 = Release|x64
		Release|x86 = Release|x86
	EndGlobalSection
	GlobalSection(ProjectConfigurationPlatforms) = postSolution
		{DFF5ABEE-7197-49F6-AB67-2F575FD4A790}.Debug|ARM64.ActiveCfg = Debug|ARM64
		{DFF5ABEE-7197-49F6-AB67-2F575FD4A790}.Debug|ARM64.Build.0 = Debug|ARM64
		{DFF5ABEE-7197-49F6-AB67-2F575FD4A790}.Debug|ARM64.Deploy.0 = Debug|ARM64
		{DFF5ABEE-7197-49F6-AB67-2F575FD4A790}.Debug|x64.ActiveCfg = Debug|x64
		{DFF5ABEE-7197-49F6-AB67-2F575FD4A790}.Debug|x64.Build.0 = Debug|x64
		{DFF5ABEE-7197-49F6-AB67-2F575FD4A790}.Debug|x64.Deploy.0 = Debug|x64
		{DFF5ABEE-7197-49F6-AB67-2F575FD4A790}.Debug|x86.ActiveCfg = Debug|x86
		{DFF5ABEE-7197-49F6-AB67-2F575FD4A790}.Debug|x86.Build.0 = Debug|x86
		{DFF5ABEE-7197-49F6-AB67-2F575FD4A790}.Debug|x86.Deploy.0 = Debug|x86
		{DFF5ABEE-7197-49F6-AB67-2F575FD4A790}.Release|ARM64.ActiveCfg = Release|ARM64
		{DFF5ABEE-7197-49F6-AB67-2F575FD4A790}.Release|ARM64.Build.0 = Release|ARM64
		{DFF5ABEE-7197-49F6-AB67-2F575FD4A790}.Release|ARM64.Deploy.0 = Release|ARM64
		{DFF5ABEE-7197-49F6-AB67-2F575FD4A790}.Release|x64.ActiveCfg = Release|x64
		{DFF5ABEE-7197-49F6-AB67-2F575FD4A790}.Release|x64.Build.0 = Release|x64
		{DFF5ABEE-7197-49F6-AB67-2F575FD4A790}.Release|x64.Deploy.0 = Release|x64
		{DFF5ABEE-7197-49F6-AB67-2F575FD4A790}.Release|x86.ActiveCfg = Release|x86
		{DFF5ABEE-7197-49F6-AB67-2F575FD4A790}.Release|x86.Build.0 = Release|x86
		{DFF5ABEE-7197-49F6-AB67-2F575FD4A790}.Release|x86.Deploy.0 = Release|x86
	EndGlobalSection
	GlobalSection(SolutionProperties) = preSolution
		HideSolutionNode = FALSE
	EndGlobalSection
	GlobalSection(ExtensibilityGlobals) = postSolution
		SolutionGuid = {3190CD25-08AE-45E9-B5F4-5E3AC4FDFDD6}
	EndGlobalSection
EndGlobal
